// !$*UTF8*$!
{
	archiveVersion = 1;
	classes = {
	};
	objectVersion = 46;
	objects = {

/* Begin PBXBuildFile section */
		E22E5C681C0F19CC00B1AF81 /* AppDelegate.swift in Sources */ = {isa = PBXBuildFile; fileRef = E22E5C671C0F19CC00B1AF81 /* AppDelegate.swift */; };
		E22E5C6A1C0F19CC00B1AF81 /* ViewController.swift in Sources */ = {isa = PBXBuildFile; fileRef = E22E5C691C0F19CC00B1AF81 /* ViewController.swift */; };
		E22E5C6D1C0F19CC00B1AF81 /* Main.storyboard in Resources */ = {isa = PBXBuildFile; fileRef = E22E5C6B1C0F19CC00B1AF81 /* Main.storyboard */; };
		E22E5C701C0F19CC00B1AF81 /* Eszkozoszto.xcdatamodeld in Sources */ = {isa = PBXBuildFile; fileRef = E22E5C6E1C0F19CC00B1AF81 /* Eszkozoszto.xcdatamodeld */; };
		E22E5C721C0F19CC00B1AF81 /* Assets.xcassets in Resources */ = {isa = PBXBuildFile; fileRef = E22E5C711C0F19CC00B1AF81 /* Assets.xcassets */; };
		E22E5C751C0F19CC00B1AF81 /* LaunchScreen.storyboard in Resources */ = {isa = PBXBuildFile; fileRef = E22E5C731C0F19CC00B1AF81 /* LaunchScreen.storyboard */; };
		E22E5C801C0F19CC00B1AF81 /* EszkozosztoTests.swift in Sources */ = {isa = PBXBuildFile; fileRef = E22E5C7F1C0F19CC00B1AF81 /* EszkozosztoTests.swift */; };
		E22E5C8B1C0F19CC00B1AF81 /* EszkozosztoUITests.swift in Sources */ = {isa = PBXBuildFile; fileRef = E22E5C8A1C0F19CC00B1AF81 /* EszkozosztoUITests.swift */; };
/* End PBXBuildFile section */

/* Begin PBXContainerItemProxy section */
		E22E5C7C1C0F19CC00B1AF81 /* PBXContainerItemProxy */ = {
			isa = PBXContainerItemProxy;
			containerPortal = E22E5C5C1C0F19CC00B1AF81 /* Project object */;
			proxyType = 1;
			remoteGlobalIDString = E22E5C631C0F19CC00B1AF81;
			remoteInfo = Eszkozoszto;
		};
		E22E5C871C0F19CC00B1AF81 /* PBXContainerItemProxy */ = {
			isa = PBXContainerItemProxy;
			containerPortal = E22E5C5C1C0F19CC00B1AF81 /* Project object */;
			proxyType = 1;
			remoteGlobalIDString = E22E5C631C0F19CC00B1AF81;
			remoteInfo = Eszkozoszto;
		};
/* End PBXContainerItemProxy section */

/* Begin PBXFileReference section */
		E22E5C641C0F19CC00B1AF81 /* Eszkozoszto.app */ = {isa = PBXFileReference; explicitFileType = wrapper.application; includeInIndex = 0; path = Eszkozoszto.app; sourceTree = BUILT_PRODUCTS_DIR; };
		E22E5C671C0F19CC00B1AF81 /* AppDelegate.swift */ = {isa = PBXFileReference; lastKnownFileType = sourcecode.swift; path = AppDelegate.swift; sourceTree = "<group>"; };
		E22E5C691C0F19CC00B1AF81 /* ViewController.swift */ = {isa = PBXFileReference; lastKnownFileType = sourcecode.swift; path = ViewController.swift; sourceTree = "<group>"; };
		E22E5C6C1C0F19CC00B1AF81 /* Base */ = {isa = PBXFileReference; lastKnownFileType = file.storyboard; name = Base; path = Base.lproj/Main.storyboard; sourceTree = "<group>"; };
		E22E5C6F1C0F19CC00B1AF81 /* Eszkozoszto.xcdatamodel */ = {isa = PBXFileReference; lastKnownFileType = wrapper.xcdatamodel; path = Eszkozoszto.xcdatamodel; sourceTree = "<group>"; };
		E22E5C711C0F19CC00B1AF81 /* Assets.xcassets */ = {isa = PBXFileReference; lastKnownFileType = folder.assetcatalog; path = Assets.xcassets; sourceTree = "<group>"; };
		E22E5C741C0F19CC00B1AF81 /* Base */ = {isa = PBXFileReference; lastKnownFileType = file.storyboard; name = Base; path = Base.lproj/LaunchScreen.storyboard; sourceTree = "<group>"; };
		E22E5C761C0F19CC00B1AF81 /* Info.plist */ = {isa = PBXFileReference; lastKnownFileType = text.plist.xml; path = Info.plist; sourceTree = "<group>"; };
		E22E5C7B1C0F19CC00B1AF81 /* EszkozosztoTests.xctest */ = {isa = PBXFileReference; explicitFileType = wrapper.cfbundle; includeInIndex = 0; path = EszkozosztoTests.xctest; sourceTree = BUILT_PRODUCTS_DIR; };
		E22E5C7F1C0F19CC00B1AF81 /* EszkozosztoTests.swift */ = {isa = PBXFileReference; lastKnownFileType = sourcecode.swift; path = EszkozosztoTests.swift; sourceTree = "<group>"; };
		E22E5C811C0F19CC00B1AF81 /* Info.plist */ = {isa = PBXFileReference; lastKnownFileType = text.plist.xml; path = Info.plist; sourceTree = "<group>"; };
		E22E5C861C0F19CC00B1AF81 /* EszkozosztoUITests.xctest */ = {isa = PBXFileReference; explicitFileType = wrapper.cfbundle; includeInIndex = 0; path = EszkozosztoUITests.xctest; sourceTree = BUILT_PRODUCTS_DIR; };
		E22E5C8A1C0F19CC00B1AF81 /* EszkozosztoUITests.swift */ = {isa = PBXFileReference; lastKnownFileType = sourcecode.swift; path = EszkozosztoUITests.swift; sourceTree = "<group>"; };
		E22E5C8C1C0F19CC00B1AF81 /* Info.plist */ = {isa = PBXFileReference; lastKnownFileType = text.plist.xml; path = Info.plist; sourceTree = "<group>"; };
/* End PBXFileReference section */

/* Begin PBXFrameworksBuildPhase section */
		E22E5C611C0F19CC00B1AF81 /* Frameworks */ = {
			isa = PBXFrameworksBuildPhase;
			buildActionMask = 2147483647;
			files = (
			);
			runOnlyForDeploymentPostprocessing = 0;
		};
		E22E5C781C0F19CC00B1AF81 /* Frameworks */ = {
			isa = PBXFrameworksBuildPhase;
			buildActionMask = 2147483647;
			files = (
			);
			runOnlyForDeploymentPostprocessing = 0;
		};
		E22E5C831C0F19CC00B1AF81 /* Frameworks */ = {
			isa = PBXFrameworksBuildPhase;
			buildActionMask = 2147483647;
			files = (
			);
			runOnlyForDeploymentPostprocessing = 0;
		};
/* End PBXFrameworksBuildPhase section */

/* Begin PBXGroup section */
		E22E5C5B1C0F19CC00B1AF81 = {
			isa = PBXGroup;
			children = (
				E22E5C661C0F19CC00B1AF81 /* Eszkozoszto */,
				E22E5C7E1C0F19CC00B1AF81 /* EszkozosztoTests */,
				E22E5C891C0F19CC00B1AF81 /* EszkozosztoUITests */,
				E22E5C651C0F19CC00B1AF81 /* Products */,
			);
			sourceTree = "<group>";
		};
		E22E5C651C0F19CC00B1AF81 /* Products */ = {
			isa = PBXGroup;
			children = (
				E22E5C641C0F19CC00B1AF81 /* Eszkozoszto.app */,
				E22E5C7B1C0F19CC00B1AF81 /* EszkozosztoTests.xctest */,
				E22E5C861C0F19CC00B1AF81 /* EszkozosztoUITests.xctest */,
			);
			name = Products;
			sourceTree = "<group>";
		};
		E22E5C661C0F19CC00B1AF81 /* Eszkozoszto */ = {
			isa = PBXGroup;
			children = (
				E22E5C671C0F19CC00B1AF81 /* AppDelegate.swift */,
				E22E5C691C0F19CC00B1AF81 /* ViewController.swift */,
				E22E5C6B1C0F19CC00B1AF81 /* Main.storyboard */,
				E22E5C711C0F19CC00B1AF81 /* Assets.xcassets */,
				E22E5C731C0F19CC00B1AF81 /* LaunchScreen.storyboard */,
				E22E5C761C0F19CC00B1AF81 /* Info.plist */,
				E22E5C6E1C0F19CC00B1AF81 /* Eszkozoszto.xcdatamodeld */,
			);
			path = Eszkozoszto;
			sourceTree = "<group>";
		};
		E22E5C7E1C0F19CC00B1AF81 /* EszkozosztoTests */ = {
			isa = PBXGroup;
			children = (
				E22E5C7F1C0F19CC00B1AF81 /* EszkozosztoTests.swift */,
				E22E5C811C0F19CC00B1AF81 /* Info.plist */,
			);
			path = EszkozosztoTests;
			sourceTree = "<group>";
		};
		E22E5C891C0F19CC00B1AF81 /* EszkozosztoUITests */ = {
			isa = PBXGroup;
			children = (
				E22E5C8A1C0F19CC00B1AF81 /* EszkozosztoUITests.swift */,
				E22E5C8C1C0F19CC00B1AF81 /* Info.plist */,
			);
			path = EszkozosztoUITests;
			sourceTree = "<group>";
		};
/* End PBXGroup section */

/* Begin PBXNativeTarget section */
		E22E5C631C0F19CC00B1AF81 /* Eszkozoszto */ = {
			isa = PBXNativeTarget;
			buildConfigurationList = E22E5C8F1C0F19CC00B1AF81 /* Build configuration list for PBXNativeTarget "Eszkozoszto" */;
			buildPhases = (
				E22E5C601C0F19CC00B1AF81 /* Sources */,
				E22E5C611C0F19CC00B1AF81 /* Frameworks */,
				E22E5C621C0F19CC00B1AF81 /* Resources */,
			);
			buildRules = (
			);
			dependencies = (
			);
			name = Eszkozoszto;
			productName = Eszkozoszto;
			productReference = E22E5C641C0F19CC00B1AF81 /* Eszkozoszto.app */;
			productType = "com.apple.product-type.application";
		};
		E22E5C7A1C0F19CC00B1AF81 /* EszkozosztoTests */ = {
			isa = PBXNativeTarget;
			buildConfigurationList = E22E5C921C0F19CC00B1AF81 /* Build configuration list for PBXNativeTarget "EszkozosztoTests" */;
			buildPhases = (
				E22E5C771C0F19CC00B1AF81 /* Sources */,
				E22E5C781C0F19CC00B1AF81 /* Frameworks */,
				E22E5C791C0F19CC00B1AF81 /* Resources */,
			);
			buildRules = (
			);
			dependencies = (
				E22E5C7D1C0F19CC00B1AF81 /* PBXTargetDependency */,
			);
			name = EszkozosztoTests;
			productName = EszkozosztoTests;
			productReference = E22E5C7B1C0F19CC00B1AF81 /* EszkozosztoTests.xctest */;
			productType = "com.apple.product-type.bundle.unit-test";
		};
		E22E5C851C0F19CC00B1AF81 /* EszkozosztoUITests */ = {
			isa = PBXNativeTarget;
			buildConfigurationList = E22E5C951C0F19CC00B1AF81 /* Build configuration list for PBXNativeTarget "EszkozosztoUITests" */;
			buildPhases = (
				E22E5C821C0F19CC00B1AF81 /* Sources */,
				E22E5C831C0F19CC00B1AF81 /* Frameworks */,
				E22E5C841C0F19CC00B1AF81 /* Resources */,
			);
			buildRules = (
			);
			dependencies = (
				E22E5C881C0F19CC00B1AF81 /* PBXTargetDependency */,
			);
			name = EszkozosztoUITests;
			productName = EszkozosztoUITests;
			productReference = E22E5C861C0F19CC00B1AF81 /* EszkozosztoUITests.xctest */;
			productType = "com.apple.product-type.bundle.ui-testing";
		};
/* End PBXNativeTarget section */

/* Begin PBXProject section */
		E22E5C5C1C0F19CC00B1AF81 /* Project object */ = {
			isa = PBXProject;
			attributes = {
				LastSwiftUpdateCheck = 0710;
				LastUpgradeCheck = 0710;
				ORGANIZATIONNAME = "Gujgiczer Anna";
				TargetAttributes = {
					E22E5C631C0F19CC00B1AF81 = {
						CreatedOnToolsVersion = 7.1.1;
					};
					E22E5C7A1C0F19CC00B1AF81 = {
						CreatedOnToolsVersion = 7.1.1;
						TestTargetID = E22E5C631C0F19CC00B1AF81;
					};
					E22E5C851C0F19CC00B1AF81 = {
						CreatedOnToolsVersion = 7.1.1;
						TestTargetID = E22E5C631C0F19CC00B1AF81;
					};
				};
			};
			buildConfigurationList = E22E5C5F1C0F19CC00B1AF81 /* Build configuration list for PBXProject "Eszkozoszto" */;
			compatibilityVersion = "Xcode 3.2";
			developmentRegion = English;
			hasScannedForEncodings = 0;
			knownRegions = (
				en,
				Base,
			);
			mainGroup = E22E5C5B1C0F19CC00B1AF81;
			productRefGroup = E22E5C651C0F19CC00B1AF81 /* Products */;
			projectDirPath = "";
			projectRoot = "";
			targets = (
				E22E5C631C0F19CC00B1AF81 /* Eszkozoszto */,
				E22E5C7A1C0F19CC00B1AF81 /* EszkozosztoTests */,
				E22E5C851C0F19CC00B1AF81 /* EszkozosztoUITests */,
			);
		};
/* End PBXProject section */

/* Begin PBXResourcesBuildPhase section */
		E22E5C621C0F19CC00B1AF81 /* Resources */ = {
			isa = PBXResourcesBuildPhase;
			buildActionMask = 2147483647;
			files = (
				E22E5C751C0F19CC00B1AF81 /* LaunchScreen.storyboard in Resources */,
				E22E5C721C0F19CC00B1AF81 /* Assets.xcassets in Resources */,
				E22E5C6D1C0F19CC00B1AF81 /* Main.storyboard in Resources */,
			);
			runOnlyForDeploymentPostprocessing = 0;
		};
		E22E5C791C0F19CC00B1AF81 /* Resources */ = {
			isa = PBXResourcesBuildPhase;
			buildActionMask = 2147483647;
			files = (
			);
			runOnlyForDeploymentPostprocessing = 0;
		};
		E22E5C841C0F19CC00B1AF81 /* Resources */ = {
			isa = PBXResourcesBuildPhase;
			buildActionMask = 2147483647;
			files = (
			);
			runOnlyForDeploymentPostprocessing = 0;
		};
/* End PBXResourcesBuildPhase section */

/* Begin PBXSourcesBuildPhase section */
		E22E5C601C0F19CC00B1AF81 /* Sources */ = {
			isa = PBXSourcesBuildPhase;
			buildActionMask = 2147483647;
			files = (
				E22E5C701C0F19CC00B1AF81 /* Eszkozoszto.xcdatamodeld in Sources */,
				E22E5C6A1C0F19CC00B1AF81 /* ViewController.swift in Sources */,
				E22E5C681C0F19CC00B1AF81 /* AppDelegate.swift in Sources */,
			);
			runOnlyForDeploymentPostprocessing = 0;
		};
		E22E5C771C0F19CC00B1AF81 /* Sources */ = {
			isa = PBXSourcesBuildPhase;
			buildActionMask = 2147483647;
			files = (
				E22E5C801C0F19CC00B1AF81 /* EszkozosztoTests.swift in Sources */,
			);
			runOnlyForDeploymentPostprocessing = 0;
		};
		E22E5C821C0F19CC00B1AF81 /* Sources */ = {
			isa = PBXSourcesBuildPhase;
			buildActionMask = 2147483647;
			files = (
				E22E5C8B1C0F19CC00B1AF81 /* EszkozosztoUITests.swift in Sources */,
			);
			runOnlyForDeploymentPostprocessing = 0;
		};
/* End PBXSourcesBuildPhase section */

/* Begin PBXTargetDependency section */
		E22E5C7D1C0F19CC00B1AF81 /* PBXTargetDependency */ = {
			isa = PBXTargetDependency;
			target = E22E5C631C0F19CC00B1AF81 /* Eszkozoszto */;
			targetProxy = E22E5C7C1C0F19CC00B1AF81 /* PBXContainerItemProxy */;
		};
		E22E5C881C0F19CC00B1AF81 /* PBXTargetDependency */ = {
			isa = PBXTargetDependency;
			target = E22E5C631C0F19CC00B1AF81 /* Eszkozoszto */;
			targetProxy = E22E5C871C0F19CC00B1AF81 /* PBXContainerItemProxy */;
		};
/* End PBXTargetDependency section */

/* Begin PBXVariantGroup section */
		E22E5C6B1C0F19CC00B1AF81 /* Main.storyboard */ = {
			isa = PBXVariantGroup;
			children = (
				E22E5C6C1C0F19CC00B1AF81 /* Base */,
			);
			name = Main.storyboard;
			sourceTree = "<group>";
		};
		E22E5C731C0F19CC00B1AF81 /* LaunchScreen.storyboard */ = {
			isa = PBXVariantGroup;
			children = (
				E22E5C741C0F19CC00B1AF81 /* Base */,
			);
			name = LaunchScreen.storyboard;
			sourceTree = "<group>";
		};
/* End PBXVariantGroup section */

/* Begin XCBuildConfiguration section */
		E22E5C8D1C0F19CC00B1AF81 /* Debug */ = {
			isa = XCBuildConfiguration;
			buildSettings = {
				ALWAYS_SEARCH_USER_PATHS = NO;
				CLANG_CXX_LANGUAGE_STANDARD = "gnu++0x";
				CLANG_CXX_LIBRARY = "libc++";
				CLANG_ENABLE_MODULES = YES;
				CLANG_ENABLE_OBJC_ARC = YES;
				CLANG_WARN_BOOL_CONVERSION = YES;
				CLANG_WARN_CONSTANT_CONVERSION = YES;
				CLANG_WARN_DIRECT_OBJC_ISA_USAGE = YES_ERROR;
				CLANG_WARN_EMPTY_BODY = YES;
				CLANG_WARN_ENUM_CONVERSION = YES;
				CLANG_WARN_INT_CONVERSION = YES;
				CLANG_WARN_OBJC_ROOT_CLASS = YES_ERROR;
				CLANG_WARN_UNREACHABLE_CODE = YES;
				CLANG_WARN__DUPLICATE_METHOD_MATCH = YES;
				"CODE_SIGN_IDENTITY[sdk=iphoneos*]" = "iPhone Developer";
				COPY_PHASE_STRIP = NO;
				DEBUG_INFORMATION_FORMAT = dwarf;
				ENABLE_STRICT_OBJC_MSGSEND = YES;
				ENABLE_TESTABILITY = YES;
				GCC_C_LANGUAGE_STANDARD = gnu99;
				GCC_DYNAMIC_NO_PIC = NO;
				GCC_NO_COMMON_BLOCKS = YES;
				GCC_OPTIMIZATION_LEVEL = 0;
				GCC_PREPROCESSOR_DEFINITIONS = (
					"DEBUG=1",
					"$(inherited)",
				);
				GCC_WARN_64_TO_32_BIT_CONVERSION = YES;
				GCC_WARN_ABOUT_RETURN_TYPE = YES_ERROR;
				GCC_WARN_UNDECLARED_SELECTOR = YES;
				GCC_WARN_UNINITIALIZED_AUTOS = YES_AGGRESSIVE;
				GCC_WARN_UNUSED_FUNCTION = YES;
				GCC_WARN_UNUSED_VARIABLE = YES;
				IPHONEOS_DEPLOYMENT_TARGET = 9.1;
				MTL_ENABLE_DEBUG_INFO = YES;
				ONLY_ACTIVE_ARCH = YES;
				SDKROOT = iphoneos;
				SWIFT_OPTIMIZATION_LEVEL = "-Onone";
				TARGETED_DEVICE_FAMILY = "1,2";
			};
			name = Debug;
		};
		E22E5C8E1C0F19CC00B1AF81 /* Release */ = {
			isa = XCBuildConfiguration;
			buildSettings = {
				ALWAYS_SEARCH_USER_PATHS = NO;
				CLANG_CXX_LANGUAGE_STANDARD = "gnu++0x";
				CLANG_CXX_LIBRARY = "libc++";
				CLANG_ENABLE_MODULES = YES;
				CLANG_ENABLE_OBJC_ARC = YES;
				CLANG_WARN_BOOL_CONVERSION = YES;
				CLANG_WARN_CONSTANT_CONVERSION = YES;
				CLANG_WARN_DIRECT_OBJC_ISA_USAGE = YES_ERROR;
				CLANG_WARN_EMPTY_BODY = YES;
				CLANG_WARN_ENUM_CONVERSION = YES;
				CLANG_WARN_INT_CONVERSION = YES;
				CLANG_WARN_OBJC_ROOT_CLASS = YES_ERROR;
				CLANG_WARN_UNREACHABLE_CODE = YES;
				CLANG_WARN__DUPLICATE_METHOD_MATCH = YES;
				"CODE_SIGN_IDENTITY[sdk=iphoneos*]" = "iPhone Developer";
				COPY_PHASE_STRIP = NO;
				DEBUG_INFORMATION_FORMAT = "dwarf-with-dsym";
				ENABLE_NS_ASSERTIONS = NO;
				ENABLE_STRICT_OBJC_MSGSEND = YES;
				GCC_C_LANGUAGE_STANDARD = gnu99;
				GCC_NO_COMMON_BLOCKS = YES;
				GCC_WARN_64_TO_32_BIT_CONVERSION = YES;
				GCC_WARN_ABOUT_RETURN_TYPE = YES_ERROR;
				GCC_WARN_UNDECLARED_SELECTOR = YES;
				GCC_WARN_UNINITIALIZED_AUTOS = YES_AGGRESSIVE;
				GCC_WARN_UNUSED_FUNCTION = YES;
				GCC_WARN_UNUSED_VARIABLE = YES;
				IPHONEOS_DEPLOYMENT_TARGET = 9.1;
				MTL_ENABLE_DEBUG_INFO = NO;
				SDKROOT = iphoneos;
				TARGETED_DEVICE_FAMILY = "1,2";
				VALIDATE_PRODUCT = YES;
			};
			name = Release;
		};
		E22E5C901C0F19CC00B1AF81 /* Debug */ = {
			isa = XCBuildConfiguration;
			buildSettings = {
				ASSETCATALOG_COMPILER_APPICON_NAME = AppIcon;
				INFOPLIST_FILE = Eszkozoszto/Info.plist;
				LD_RUNPATH_SEARCH_PATHS = "$(inherited) @executable_path/Frameworks";
				PRODUCT_BUNDLE_IDENTIFIER = GA.Eszkozoszto;
				PRODUCT_NAME = "$(TARGET_NAME)";
			};
			name = Debug;
		};
		E22E5C911C0F19CC00B1AF81 /* Release */ = {
			isa = XCBuildConfiguration;
			buildSettings = {
				ASSETCATALOG_COMPILER_APPICON_NAME = AppIcon;
				INFOPLIST_FILE = Eszkozoszto/Info.plist;
				LD_RUNPATH_SEARCH_PATHS = "$(inherited) @executable_path/Frameworks";
				PRODUCT_BUNDLE_IDENTIFIER = GA.Eszkozoszto;
				PRODUCT_NAME = "$(TARGET_NAME)";
			};
			name = Release;
		};
		E22E5C931C0F19CC00B1AF81 /* Debug */ = {
			isa = XCBuildConfiguration;
			buildSettings = {
				BUNDLE_LOADER = "$(TEST_HOST)";
				INFOPLIST_FILE = EszkozosztoTests/Info.plist;
				LD_RUNPATH_SEARCH_PATHS = "$(inherited) @executable_path/Frameworks @loader_path/Frameworks";
				PRODUCT_BUNDLE_IDENTIFIER = GA.EszkozosztoTests;
				PRODUCT_NAME = "$(TARGET_NAME)";
				TEST_HOST = "$(BUILT_PRODUCTS_DIR)/Eszkozoszto.app/Eszkozoszto";
			};
			name = Debug;
		};
		E22E5C941C0F19CC00B1AF81 /* Release */ = {
			isa = XCBuildConfiguration;
			buildSettings = {
				BUNDLE_LOADER = "$(TEST_HOST)";
				INFOPLIST_FILE = EszkozosztoTests/Info.plist;
				LD_RUNPATH_SEARCH_PATHS = "$(inherited) @executable_path/Frameworks @loader_path/Frameworks";
				PRODUCT_BUNDLE_IDENTIFIER = GA.EszkozosztoTests;
				PRODUCT_NAME = "$(TARGET_NAME)";
				TEST_HOST = "$(BUILT_PRODUCTS_DIR)/Eszkozoszto.app/Eszkozoszto";
			};
			name = Release;
		};
		E22E5C961C0F19CC00B1AF81 /* Debug */ = {
			isa = XCBuildConfiguration;
			buildSettings = {
				INFOPLIST_FILE = EszkozosztoUITests/Info.plist;
				LD_RUNPATH_SEARCH_PATHS = "$(inherited) @executable_path/Frameworks @loader_path/Frameworks";
				PRODUCT_BUNDLE_IDENTIFIER = GA.EszkozosztoUITests;
				PRODUCT_NAME = "$(TARGET_NAME)";
				TEST_TARGET_NAME = Eszkozoszto;
				USES_XCTRUNNER = YES;
			};
			name = Debug;
		};
		E22E5C971C0F19CC00B1AF81 /* Release */ = {
			isa = XCBuildConfiguration;
			buildSettings = {
				INFOPLIST_FILE = EszkozosztoUITests/Info.plist;
				LD_RUNPATH_SEARCH_PATHS = "$(inherited) @executable_path/Frameworks @loader_path/Frameworks";
				PRODUCT_BUNDLE_IDENTIFIER = GA.EszkozosztoUITests;
				PRODUCT_NAME = "$(TARGET_NAME)";
				TEST_TARGET_NAME = Eszkozoszto;
				USES_XCTRUNNER = YES;
			};
			name = Release;
		};
/* End XCBuildConfiguration section */

/* Begin XCConfigurationList section */
		E22E5C5F1C0F19CC00B1AF81 /* Build configuration list for PBXProject "Eszkozoszto" */ = {
			isa = XCConfigurationList;
			buildConfigurations = (
				E22E5C8D1C0F19CC00B1AF81 /* Debug */,
				E22E5C8E1C0F19CC00B1AF81 /* Release */,
			);
			defaultConfigurationIsVisible = 0;
			defaultConfigurationName = Release;
		};
		E22E5C8F1C0F19CC00B1AF81 /* Build configuration list for PBXNativeTarget "Eszkozoszto" */ = {
			isa = XCConfigurationList;
			buildConfigurations = (
				E22E5C901C0F19CC00B1AF81 /* Debug */,
				E22E5C911C0F19CC00B1AF81 /* Release */,
			);
			defaultConfigurationIsVisible = 0;
		};
		E22E5C921C0F19CC00B1AF81 /* Build configuration list for PBXNativeTarget "EszkozosztoTests" */ = {
			isa = XCConfigurationList;
			buildConfigurations = (
				E22E5C931C0F19CC00B1AF81 /* Debug */,
				E22E5C941C0F19CC00B1AF81 /* Release */,
			);
			defaultConfigurationIsVisible = 0;
		};
		E22E5C951C0F19CC00B1AF81 /* Build configuration list for PBXNativeTarget "EszkozosztoUITests" */ = {
			isa = XCConfigurationList;
			buildConfigurations = (
				E22E5C961C0F19CC00B1AF81 /* Debug */,
				E22E5C971C0F19CC00B1AF81 /* Release */,
			);
			defaultConfigurationIsVisible = 0;
		};
/* End XCConfigurationList section */

/* Begin XCVersionGroup section */
		E22E5C6E1C0F19CC00B1AF81 /* Eszkozoszto.xcdatamodeld */ = {
			isa = XCVersionGroup;
			children = (
				E22E5C6F1C0F19CC00B1AF81 /* Eszkozoszto.xcdatamodel */,
			);
			currentVersion = E22E5C6F1C0F19CC00B1AF81 /* Eszkozoszto.xcdatamodel */;
			path = Eszkozoszto.xcdatamodeld;
			sourceTree = "<group>";
			versionGroupType = wrapper.xcdatamodel;
		};
/* End XCVersionGroup section */
	};
	rootObject = E22E5C5C1C0F19CC00B1AF81 /* Project object */;
}
